
Microsoft Visual Studio Solution File, Format Version 12.00
# Visual Studio Version 17
VisualStudioVersion = 17.3.32811.315
MinimumVisualStudioVersion = 10.0.40219.1
Project("{9A19103F-16F7-4668-BE54-9A1E7A4F7556}") = "binstarjs03.AerialOBJ.Core", "src\binstarjs03.AerialOBJ.Core\binstarjs03.AerialOBJ.Core.csproj", "{B1102399-2369-4AD3-81D8-BB569481C237}"
EndProject
Project("{9A19103F-16F7-4668-BE54-9A1E7A4F7556}") = "binstarjs03.AerialOBJ.WpfApp", "src\binstarjs03.AerialOBJ.WpfApp\binstarjs03.AerialOBJ.WpfApp.csproj", "{FC7E8122-3C92-42C9-A786-45906439279B}"
EndProject
Project("{9A19103F-16F7-4668-BE54-9A1E7A4F7556}") = "binstarjs03.AerialOBJ.ObjExporting", "src\binstarjs03.AerialOBJ.ObjExporting\binstarjs03.AerialOBJ.ObjExporting.csproj", "{30A94F66-F25C-408B-ABFE-32A8D66A2531}"
EndProject
Project("{9A19103F-16F7-4668-BE54-9A1E7A4F7556}") = "binstarjs03.AerialOBJ.Imaging", "src\binstarjs03.AerialOBJ.Imaging\binstarjs03.AerialOBJ.Imaging.csproj", "{FAD4D83C-4A8A-49A7-BC87-66439C6DD237}"
EndProject
Project("{8BC9CEB8-8B4A-11D0-8D11-00A0C91BC942}") = "binstarjs03.AerilaOBJ.CoreNative", "src\binstarjs03.AerilaOBJ.CoreNative\binstarjs03.AerilaOBJ.CoreNative.vcxproj", "{7F6757FF-C5B7-45EF-AE46-7D36520BD591}"
EndProject
Project("{9A19103F-16F7-4668-BE54-9A1E7A4F7556}") = "Benchmark", "src\Benchmark\Benchmark.csproj", "{2A8C05E1-991E-4A6D-8FF1-29544FA6EA92}"
EndProject
Global
	GlobalSection(SolutionConfigurationPlatforms) = preSolution
		Debug|Any CPU = Debug|Any CPU
		Debug|x64 = Debug|x64
		Debug|x86 = Debug|x86
		Release|Any CPU = Release|Any CPU
		Release|x64 = Release|x64
		Release|x86 = Release|x86
	EndGlobalSection
	GlobalSection(ProjectConfigurationPlatforms) = postSolution
		{B1102399-2369-4AD3-81D8-BB569481C237}.Debug|Any CPU.ActiveCfg = Debug|Any CPU
		{B1102399-2369-4AD3-81D8-BB569481C237}.Debug|Any CPU.Build.0 = Debug|Any CPU
		{B1102399-2369-4AD3-81D8-BB569481C237}.Debug|x64.ActiveCfg = Debug|x64
		{B1102399-2369-4AD3-81D8-BB569481C237}.Debug|x64.Build.0 = Debug|x64
		{B1102399-2369-4AD3-81D8-BB569481C237}.Debug|x86.ActiveCfg = Debug|Any CPU
		{B1102399-2369-4AD3-81D8-BB569481C237}.Debug|x86.Build.0 = Debug|Any CPU
		{B1102399-2369-4AD3-81D8-BB569481C237}.Release|Any CPU.ActiveCfg = Release|Any CPU
		{B1102399-2369-4AD3-81D8-BB569481C237}.Release|Any CPU.Build.0 = Release|Any CPU
		{B1102399-2369-4AD3-81D8-BB569481C237}.Release|x64.ActiveCfg = Release|x64
		{B1102399-2369-4AD3-81D8-BB569481C237}.Release|x64.Build.0 = Release|x64
		{B1102399-2369-4AD3-81D8-BB569481C237}.Release|x86.ActiveCfg = Release|Any CPU
		{B1102399-2369-4AD3-81D8-BB569481C237}.Release|x86.Build.0 = Release|Any CPU
		{FC7E8122-3C92-42C9-A786-45906439279B}.Debug|Any CPU.ActiveCfg = Debug|Any CPU
		{FC7E8122-3C92-42C9-A786-45906439279B}.Debug|Any CPU.Build.0 = Debug|Any CPU
		{FC7E8122-3C92-42C9-A786-45906439279B}.Debug|x64.ActiveCfg = Debug|x64
		{FC7E8122-3C92-42C9-A786-45906439279B}.Debug|x64.Build.0 = Debug|x64
		{FC7E8122-3C92-42C9-A786-45906439279B}.Debug|x86.ActiveCfg = Debug|Any CPU
		{FC7E8122-3C92-42C9-A786-45906439279B}.Debug|x86.Build.0 = Debug|Any CPU
		{FC7E8122-3C92-42C9-A786-45906439279B}.Release|Any CPU.ActiveCfg = Release|Any CPU
		{FC7E8122-3C92-42C9-A786-45906439279B}.Release|Any CPU.Build.0 = Release|Any CPU
		{FC7E8122-3C92-42C9-A786-45906439279B}.Release|x64.ActiveCfg = Release|x64
		{FC7E8122-3C92-42C9-A786-45906439279B}.Release|x64.Build.0 = Release|x64
		{FC7E8122-3C92-42C9-A786-45906439279B}.Release|x86.ActiveCfg = Release|Any CPU
		{FC7E8122-3C92-42C9-A786-45906439279B}.Release|x86.Build.0 = Release|Any CPU
		{30A94F66-F25C-408B-ABFE-32A8D66A2531}.Debug|Any CPU.ActiveCfg = Debug|Any CPU
		{30A94F66-F25C-408B-ABFE-32A8D66A2531}.Debug|Any CPU.Build.0 = Debug|Any CPU
		{30A94F66-F25C-408B-ABFE-32A8D66A2531}.Debug|x64.ActiveCfg = Debug|x64
		{30A94F66-F25C-408B-ABFE-32A8D66A2531}.Debug|x64.Build.0 = Debug|x64
		{30A94F66-F25C-408B-ABFE-32A8D66A2531}.Debug|x86.ActiveCfg = Debug|Any CPU
		{30A94F66-F25C-408B-ABFE-32A8D66A2531}.Debug|x86.Build.0 = Debug|Any CPU
		{30A94F66-F25C-408B-ABFE-32A8D66A2531}.Release|Any CPU.ActiveCfg = Release|Any CPU
		{30A94F66-F25C-408B-ABFE-32A8D66A2531}.Release|Any CPU.Build.0 = Release|Any CPU
		{30A94F66-F25C-408B-ABFE-32A8D66A2531}.Release|x64.ActiveCfg = Release|x64
		{30A94F66-F25C-408B-ABFE-32A8D66A2531}.Release|x64.Build.0 = Release|x64
		{30A94F66-F25C-408B-ABFE-32A8D66A2531}.Release|x86.ActiveCfg = Release|Any CPU
		{30A94F66-F25C-408B-ABFE-32A8D66A2531}.Release|x86.Build.0 = Release|Any CPU
		{FAD4D83C-4A8A-49A7-BC87-66439C6DD237}.Debug|Any CPU.ActiveCfg = Debug|Any CPU
		{FAD4D83C-4A8A-49A7-BC87-66439C6DD237}.Debug|Any CPU.Build.0 = Debug|Any CPU
		{FAD4D83C-4A8A-49A7-BC87-66439C6DD237}.Debug|x64.ActiveCfg = Debug|x64
		{FAD4D83C-4A8A-49A7-BC87-66439C6DD237}.Debug|x64.Build.0 = Debug|x64
		{FAD4D83C-4A8A-49A7-BC87-66439C6DD237}.Debug|x86.ActiveCfg = Debug|Any CPU
		{FAD4D83C-4A8A-49A7-BC87-66439C6DD237}.Debug|x86.Build.0 = Debug|Any CPU
		{FAD4D83C-4A8A-49A7-BC87-66439C6DD237}.Release|Any CPU.ActiveCfg = Release|Any CPU
		{FAD4D83C-4A8A-49A7-BC87-66439C6DD237}.Release|Any CPU.Build.0 = Release|Any CPU
		{FAD4D83C-4A8A-49A7-BC87-66439C6DD237}.Release|x64.ActiveCfg = Release|x64
		{FAD4D83C-4A8A-49A7-BC87-66439C6DD237}.Release|x64.Build.0 = Release|x64
		{FAD4D83C-4A8A-49A7-BC87-66439C6DD237}.Release|x86.ActiveCfg = Release|Any CPU
		{FAD4D83C-4A8A-49A7-BC87-66439C6DD237}.Release|x86.Build.0 = Release|Any CPU
		{7F6757FF-C5B7-45EF-AE46-7D36520BD591}.Debug|Any CPU.ActiveCfg = Debug|x64
		{7F6757FF-C5B7-45EF-AE46-7D36520BD591}.Debug|Any CPU.Build.0 = Debug|x64
		{7F6757FF-C5B7-45EF-AE46-7D36520BD591}.Debug|x64.ActiveCfg = Debug|x64
		{7F6757FF-C5B7-45EF-AE46-7D36520BD591}.Debug|x64.Build.0 = Debug|x64
		{7F6757FF-C5B7-45EF-AE46-7D36520BD591}.Debug|x86.ActiveCfg = Debug|Win32
		{7F6757FF-C5B7-45EF-AE46-7D36520BD591}.Debug|x86.Build.0 = Debug|Win32
		{7F6757FF-C5B7-45EF-AE46-7D36520BD591}.Release|Any CPU.ActiveCfg = Release|x64
		{7F6757FF-C5B7-45EF-AE46-7D36520BD591}.Release|Any CPU.Build.0 = Release|x64
		{7F6757FF-C5B7-45EF-AE46-7D36520BD591}.Release|x64.ActiveCfg = Release|x64
		{7F6757FF-C5B7-45EF-AE46-7D36520BD591}.Release|x64.Build.0 = Release|x64
		{7F6757FF-C5B7-45EF-AE46-7D36520BD591}.Release|x86.ActiveCfg = Release|Win32
		{7F6757FF-C5B7-45EF-AE46-7D36520BD591}.Release|x86.Build.0 = Release|Win32
		{2A8C05E1-991E-4A6D-8FF1-29544FA6EA92}.Debug|Any CPU.ActiveCfg = Debug|Any CPU
		{2A8C05E1-991E-4A6D-8FF1-29544FA6EA92}.Debug|Any CPU.Build.0 = Debug|Any CPU
		{2A8C05E1-991E-4A6D-8FF1-29544FA6EA92}.Debug|x64.ActiveCfg = Debug|Any CPU
		{2A8C05E1-991E-4A6D-8FF1-29544FA6EA92}.Debug|x64.Build.0 = Debug|Any CPU
		{2A8C05E1-991E-4A6D-8FF1-29544FA6EA92}.Debug|x86.ActiveCfg = Debug|Any CPU
		{2A8C05E1-991E-4A6D-8FF1-29544FA6EA92}.Debug|x86.Build.0 = Debug|Any CPU
		{2A8C05E1-991E-4A6D-8FF1-29544FA6EA92}.Release|Any CPU.ActiveCfg = Release|Any CPU
		{2A8C05E1-991E-4A6D-8FF1-29544FA6EA92}.Release|Any CPU.Build.0 = Release|Any CPU
		{2A8C05E1-991E-4A6D-8FF1-29544FA6EA92}.Release|x64.ActiveCfg = Release|Any CPU
		{2A8C05E1-991E-4A6D-8FF1-29544FA6EA92}.Release|x64.Build.0 = Release|Any CPU
		{2A8C05E1-991E-4A6D-8FF1-29544FA6EA92}.Release|x86.ActiveCfg = Release|Any CPU
		{2A8C05E1-991E-4A6D-8FF1-29544FA6EA92}.Release|x86.Build.0 = Release|Any CPU
	EndGlobalSection
	GlobalSection(SolutionProperties) = preSolution
		HideSolutionNode = FALSE
	EndGlobalSection
	GlobalSection(ExtensibilityGlobals) = postSolution
		SolutionGuid = {1F944312-94EA-4AAE-A510-A221E0310607}
	EndGlobalSection
EndGlobal
