
Microsoft Visual Studio Solution File, Format Version 12.00
# Visual Studio Version 17
VisualStudioVersion = 17.3.32811.315
MinimumVisualStudioVersion = 10.0.40219.1
Project("{9A19103F-16F7-4668-BE54-9A1E7A4F7556}") = "binstarjs03.AerialOBJ.Core", "src\binstarjs03.AerialOBJ.Core\binstarjs03.AerialOBJ.Core.csproj", "{B1102399-2369-4AD3-81D8-BB569481C237}"
EndProject
Project("{9A19103F-16F7-4668-BE54-9A1E7A4F7556}") = "binstarjs03.AerialOBJ.WpfApp", "src\binstarjs03.AerialOBJ.WpfApp\binstarjs03.AerialOBJ.WpfApp.csproj", "{DAD22D27-6522-4BE6-A824-4FA7CF34A0B2}"
EndProject
Project("{9A19103F-16F7-4668-BE54-9A1E7A4F7556}") = "binstarjs03.AerialOBJ.ConsoleApp", "src\binstarjs03.AerialOBJ.ConsoleApp\binstarjs03.AerialOBJ.ConsoleApp.csproj", "{72720E31-E7BD-4495-BBAE-5C1B544C460C}"
EndProject
Project("{9A19103F-16F7-4668-BE54-9A1E7A4F7556}") = "binstarjs03.AerialOBJ.WpfAppNew", "src\binstarjs03.AerialOBJ.WpfAppNew\binstarjs03.AerialOBJ.WpfAppNew.csproj", "{D43701FA-FC95-4324-A8B8-4A1624EC66FF}"
EndProject
Global
	GlobalSection(SolutionConfigurationPlatforms) = preSolution
		Debug|Any CPU = Debug|Any CPU
		Debug|x64 = Debug|x64
		Release|Any CPU = Release|Any CPU
		Release|x64 = Release|x64
	EndGlobalSection
	GlobalSection(ProjectConfigurationPlatforms) = postSolution
		{B1102399-2369-4AD3-81D8-BB569481C237}.Debug|Any CPU.ActiveCfg = Debug|Any CPU
		{B1102399-2369-4AD3-81D8-BB569481C237}.Debug|Any CPU.Build.0 = Debug|Any CPU
		{B1102399-2369-4AD3-81D8-BB569481C237}.Debug|x64.ActiveCfg = Debug|x64
		{B1102399-2369-4AD3-81D8-BB569481C237}.Debug|x64.Build.0 = Debug|x64
		{B1102399-2369-4AD3-81D8-BB569481C237}.Release|Any CPU.ActiveCfg = Release|Any CPU
		{B1102399-2369-4AD3-81D8-BB569481C237}.Release|Any CPU.Build.0 = Release|Any CPU
		{B1102399-2369-4AD3-81D8-BB569481C237}.Release|x64.ActiveCfg = Release|x64
		{B1102399-2369-4AD3-81D8-BB569481C237}.Release|x64.Build.0 = Release|x64
		{DAD22D27-6522-4BE6-A824-4FA7CF34A0B2}.Debug|Any CPU.ActiveCfg = Debug|Any CPU
		{DAD22D27-6522-4BE6-A824-4FA7CF34A0B2}.Debug|Any CPU.Build.0 = Debug|Any CPU
		{DAD22D27-6522-4BE6-A824-4FA7CF34A0B2}.Debug|x64.ActiveCfg = Debug|x64
		{DAD22D27-6522-4BE6-A824-4FA7CF34A0B2}.Debug|x64.Build.0 = Debug|x64
		{DAD22D27-6522-4BE6-A824-4FA7CF34A0B2}.Release|Any CPU.ActiveCfg = Release|Any CPU
		{DAD22D27-6522-4BE6-A824-4FA7CF34A0B2}.Release|Any CPU.Build.0 = Release|Any CPU
		{DAD22D27-6522-4BE6-A824-4FA7CF34A0B2}.Release|x64.ActiveCfg = Release|x64
		{DAD22D27-6522-4BE6-A824-4FA7CF34A0B2}.Release|x64.Build.0 = Release|x64
		{72720E31-E7BD-4495-BBAE-5C1B544C460C}.Debug|Any CPU.ActiveCfg = Debug|Any CPU
		{72720E31-E7BD-4495-BBAE-5C1B544C460C}.Debug|Any CPU.Build.0 = Debug|Any CPU
		{72720E31-E7BD-4495-BBAE-5C1B544C460C}.Debug|x64.ActiveCfg = Debug|x64
		{72720E31-E7BD-4495-BBAE-5C1B544C460C}.Debug|x64.Build.0 = Debug|x64
		{72720E31-E7BD-4495-BBAE-5C1B544C460C}.Release|Any CPU.ActiveCfg = Release|Any CPU
		{72720E31-E7BD-4495-BBAE-5C1B544C460C}.Release|Any CPU.Build.0 = Release|Any CPU
		{72720E31-E7BD-4495-BBAE-5C1B544C460C}.Release|x64.ActiveCfg = Release|x64
		{72720E31-E7BD-4495-BBAE-5C1B544C460C}.Release|x64.Build.0 = Release|x64
		{D43701FA-FC95-4324-A8B8-4A1624EC66FF}.Debug|Any CPU.ActiveCfg = Debug|Any CPU
		{D43701FA-FC95-4324-A8B8-4A1624EC66FF}.Debug|Any CPU.Build.0 = Debug|Any CPU
		{D43701FA-FC95-4324-A8B8-4A1624EC66FF}.Debug|x64.ActiveCfg = Debug|x64
		{D43701FA-FC95-4324-A8B8-4A1624EC66FF}.Debug|x64.Build.0 = Debug|x64
		{D43701FA-FC95-4324-A8B8-4A1624EC66FF}.Release|Any CPU.ActiveCfg = Release|Any CPU
		{D43701FA-FC95-4324-A8B8-4A1624EC66FF}.Release|Any CPU.Build.0 = Release|Any CPU
		{D43701FA-FC95-4324-A8B8-4A1624EC66FF}.Release|x64.ActiveCfg = Release|x64
		{D43701FA-FC95-4324-A8B8-4A1624EC66FF}.Release|x64.Build.0 = Release|x64
	EndGlobalSection
	GlobalSection(SolutionProperties) = preSolution
		HideSolutionNode = FALSE
	EndGlobalSection
	GlobalSection(ExtensibilityGlobals) = postSolution
		SolutionGuid = {1F944312-94EA-4AAE-A510-A221E0310607}
	EndGlobalSection
EndGlobal
