
Microsoft Visual Studio Solution File, Format Version 12.00
# Visual Studio Version 17
VisualStudioVersion = 17.3.32811.315
MinimumVisualStudioVersion = 10.0.40219.1
Project("{9A19103F-16F7-4668-BE54-9A1E7A4F7556}") = "binstarjs03.AerialOBJ.Core", "src\binstarjs03.CubeOBJ.Core\binstarjs03.AerialOBJ.Core.csproj", "{CE8CDC28-E039-4827-8224-5CC4B77B1D11}"
EndProject
Project("{9A19103F-16F7-4668-BE54-9A1E7A4F7556}") = "binstarjs03.AerialOBJ.Test", "src\binstarjs03.CubeOBJ.Test\binstarjs03.AerialOBJ.Test.csproj", "{6DB7D390-BCAE-4AA3-AA27-2BCA105741A9}"
EndProject
Project("{9A19103F-16F7-4668-BE54-9A1E7A4F7556}") = "binstarjs03.AerialOBJ.WpfApp", "src\binstarjs03.CubeOBJ.WpfApp\binstarjs03.AerialOBJ.WpfApp.csproj", "{2022853F-8077-49BE-A68A-50FA5E5CD67F}"
EndProject
Global
	GlobalSection(SolutionConfigurationPlatforms) = preSolution
		Debug|Any CPU = Debug|Any CPU
		Release|Any CPU = Release|Any CPU
	EndGlobalSection
	GlobalSection(ProjectConfigurationPlatforms) = postSolution
		{CE8CDC28-E039-4827-8224-5CC4B77B1D11}.Debug|Any CPU.ActiveCfg = Debug|Any CPU
		{CE8CDC28-E039-4827-8224-5CC4B77B1D11}.Debug|Any CPU.Build.0 = Debug|Any CPU
		{CE8CDC28-E039-4827-8224-5CC4B77B1D11}.Release|Any CPU.ActiveCfg = Release|Any CPU
		{CE8CDC28-E039-4827-8224-5CC4B77B1D11}.Release|Any CPU.Build.0 = Release|Any CPU
		{6DB7D390-BCAE-4AA3-AA27-2BCA105741A9}.Debug|Any CPU.ActiveCfg = Debug|Any CPU
		{6DB7D390-BCAE-4AA3-AA27-2BCA105741A9}.Debug|Any CPU.Build.0 = Debug|Any CPU
		{6DB7D390-BCAE-4AA3-AA27-2BCA105741A9}.Release|Any CPU.ActiveCfg = Release|Any CPU
		{6DB7D390-BCAE-4AA3-AA27-2BCA105741A9}.Release|Any CPU.Build.0 = Release|Any CPU
		{2022853F-8077-49BE-A68A-50FA5E5CD67F}.Debug|Any CPU.ActiveCfg = Debug|Any CPU
		{2022853F-8077-49BE-A68A-50FA5E5CD67F}.Debug|Any CPU.Build.0 = Debug|Any CPU
		{2022853F-8077-49BE-A68A-50FA5E5CD67F}.Release|Any CPU.ActiveCfg = Release|Any CPU
		{2022853F-8077-49BE-A68A-50FA5E5CD67F}.Release|Any CPU.Build.0 = Release|Any CPU
	EndGlobalSection
	GlobalSection(SolutionProperties) = preSolution
		HideSolutionNode = FALSE
	EndGlobalSection
	GlobalSection(ExtensibilityGlobals) = postSolution
		SolutionGuid = {1F944312-94EA-4AAE-A510-A221E0310607}
	EndGlobalSection
EndGlobal
