<?xml version="1.0" encoding="utf-8"?>
<Project ToolsVersion="4.0" xmlns="http://schemas.microsoft.com/developer/msbuild/2003">
  <ItemGroup>
    <ClInclude Include="NbtFormat\Nbt.h">
      <Filter>NbtFormat</Filter>
    </ClInclude>
    <ClInclude Include="NbtFormat\NbtType.h">
      <Filter>NbtFormat</Filter>
    </ClInclude>
  </ItemGroup>
  <ItemGroup>
    <Filter Include="NbtFormat">
      <UniqueIdentifier>{6f320100-42bd-4ae1-88cd-c5eed152920b}</UniqueIdentifier>
    </Filter>
  </ItemGroup>
  <ItemGroup>
    <ClCompile Include="NbtFormat\Nbt.cpp">
      <Filter>NbtFormat</Filter>
    </ClCompile>
  </ItemGroup>
</Project>